
Microsoft Visual Studio Solution File, Format Version 12.00
# Visual Studio Version 17
VisualStudioVersion = 17.6.33815.320
MinimumVisualStudioVersion = 10.0.40219.1
Project("{FAE04EC0-301F-11D3-BF4B-00C04F79EFBC}") = "Raythos_Aerospace", "Raythos_Aerospace\Raythos_Aerospace.csproj", "{364C8EE0-5D0B-40FF-8E3E-BE3CD0B67D5A}"
EndProject
Global
	GlobalSection(SolutionConfigurationPlatforms) = preSolution
		Debug|Any CPU = Debug|Any CPU
		Release|Any CPU = Release|Any CPU
	EndGlobalSection
	GlobalSection(ProjectConfigurationPlatforms) = postSolution
		{364C8EE0-5D0B-40FF-8E3E-BE3CD0B67D5A}.Debug|Any CPU.ActiveCfg = Debug|Any CPU
		{364C8EE0-5D0B-40FF-8E3E-BE3CD0B67D5A}.Debug|Any CPU.Build.0 = Debug|Any CPU
		{364C8EE0-5D0B-40FF-8E3E-BE3CD0B67D5A}.Release|Any CPU.ActiveCfg = Release|Any CPU
		{364C8EE0-5D0B-40FF-8E3E-BE3CD0B67D5A}.Release|Any CPU.Build.0 = Release|Any CPU
	EndGlobalSection
	GlobalSection(SolutionProperties) = preSolution
		HideSolutionNode = FALSE
	EndGlobalSection
	GlobalSection(ExtensibilityGlobals) = postSolution
		SolutionGuid = {3CD8C8B1-E01A-4C7C-A0E2-F5EAFC77722B}
	EndGlobalSection
EndGlobal
